
Microsoft Visual Studio Solution File, Format Version 12.00
# Visual Studio Version 17
VisualStudioVersion = 17.4.33103.184
MinimumVisualStudioVersion = 10.0.40219.1
Project("{FAE04EC0-301F-11D3-BF4B-00C04F79EFBC}") = "SocietyManagementSystem - Desktop", "SocietyManagementSystem - Desktop\SocietyManagementSystem - Desktop.csproj", "{A788A282-1B40-4307-A38C-6EBCD616D5F7}"
EndProject
Global
	GlobalSection(SolutionConfigurationPlatforms) = preSolution
		Debug|Any CPU = Debug|Any CPU
		Release|Any CPU = Release|Any CPU
	EndGlobalSection
	GlobalSection(ProjectConfigurationPlatforms) = postSolution
		{A788A282-1B40-4307-A38C-6EBCD616D5F7}.Debug|Any CPU.ActiveCfg = Debug|Any CPU
		{A788A282-1B40-4307-A38C-6EBCD616D5F7}.Debug|Any CPU.Build.0 = Debug|Any CPU
		{A788A282-1B40-4307-A38C-6EBCD616D5F7}.Release|Any CPU.ActiveCfg = Release|Any CPU
		{A788A282-1B40-4307-A38C-6EBCD616D5F7}.Release|Any CPU.Build.0 = Release|Any CPU
	EndGlobalSection
	GlobalSection(SolutionProperties) = preSolution
		HideSolutionNode = FALSE
	EndGlobalSection
	GlobalSection(ExtensibilityGlobals) = postSolution
		SolutionGuid = {577417C4-6DCA-496C-BA10-394638C37BB8}
	EndGlobalSection
EndGlobal
